<?xml version="1.0" encoding="UTF-8" standalone="yes" ?>
<CodeBlocks_project_file>
	<FileVersion major="1" minor="6" />
	<Project>
		<Option title="dbms" />
		<Option pch_mode="2" />
		<Option compiler="gcc" />
		<Build>
			<Target title="Debug">
				<Option output="bin/Debug/dbms" prefix_auto="1" extension_auto="1" />
				<Option object_output="obj/Debug/" />
				<Option type="1" />
				<Option compiler="gcc" />
				<Compiler>
					<Add option="-g" />
				</Compiler>
			</Target>
			<Target title="Release">
				<Option output="bin/Release/dbms" prefix_auto="1" extension_auto="1" />
				<Option object_output="obj/Release/" />
				<Option type="1" />
				<Option compiler="gcc" />
				<Compiler>
					<Add option="-O2" />
				</Compiler>
				<Linker>
					<Add option="-s" />
				</Linker>
			</Target>
		</Build>
		<Compiler>
			<Add option="-Wall" />
			<Add option="-fexceptions" />
		</Compiler>
		<Unit filename="SPJ/Join.cpp" />
		<Unit filename="SPJ/Join.h" />
		<Unit filename="SPJ/Projection.cpp" />
		<Unit filename="SPJ/Projection.h" />
		<Unit filename="SPJ/SPJ.cpp" />
		<Unit filename="SPJ/SPJ.h" />
		<Unit filename="SPJ/Selection.cpp" />
		<Unit filename="SPJ/Selection.h" />
		<Unit filename="buffer/BufferManager.cpp" />
		<Unit filename="buffer/BufferManager.h" />
		<Unit filename="buffer/ClockFIFOStrategy.cpp" />
		<Unit filename="buffer/ClockFIFOStrategy.h" />
		<Unit filename="common.h" />
		<Unit filename="dataInput/input.cpp" />
		<Unit filename="dataInput/inputer.h" />
		<Unit filename="dataload/dataload.cpp" />
		<Unit filename="execution/CreateExecutor.cpp" />
		<Unit filename="execution/CreateExecutor.h" />
		<Unit filename="execution/DeleteExecutor.cpp" />
		<Unit filename="execution/DeleteExecutor.h" />
		<Unit filename="execution/DropExecutor.cpp" />
		<Unit filename="execution/DropExecutor.h" />
		<Unit filename="execution/InsertExecutor.cpp" />
		<Unit filename="execution/InsertExecutor.h" />
		<Unit filename="execution/JoinExecutor.cpp" />
		<Unit filename="execution/JoinExecutor.h" />
		<Unit filename="execution/QueryExecutor.cpp" />
		<Unit filename="execution/QueryExecutor.h" />
		<Unit filename="execution/SelectExecutor.cpp" />
		<Unit filename="execution/SelectExecutor.h" />
		<Unit filename="execution/UpdateExecutor.cpp" />
		<Unit filename="execution/UpdateExecutor.h" />
		<Unit filename="global.h" />
		<Unit filename="index/BPTree.cpp" />
		<Unit filename="index/BPTree.h" />
		<Unit filename="index/Index.cpp" />
		<Unit filename="index/Index.h" />
		<Unit filename="index/PrimaryHashIndex.cpp" />
		<Unit filename="index/PrimaryHashIndex.h" />
		<Unit filename="main.cpp" />
		<Unit filename="parser/exec.c">
			<Option compilerVar="CC" />
		</Unit>
		<Unit filename="parser/parser.h" />
		<Unit filename="parser/sql-parser.h" />
		<Unit filename="parser/sql.c">
			<Option compilerVar="CC" />
		</Unit>
		<Unit filename="parser/sql.tab.c">
			<Option compilerVar="CC" />
		</Unit>
		<Unit filename="parser/sql.tab.h" />
		<Unit filename="segment/DataSegment.cpp" />
		<Unit filename="segment/DataSegment.h" />
		<Unit filename="segment/DirectorySegment.cpp" />
		<Unit filename="segment/DirectorySegment.h" />
		<Unit filename="segment/IndexSegment.cpp" />
		<Unit filename="segment/IndexSegment.h" />
		<Unit filename="segment/MetaDataSegment.cpp" />
		<Unit filename="segment/MetaDataSegment.h" />
		<Unit filename="segment/Segment.cpp" />
		<Unit filename="segment/Segment.h" />
		<Unit filename="storage/DBFile.cpp" />
		<Unit filename="storage/DBFile.h" />
		<Unit filename="storage/FreeBuffer.cpp" />
		<Unit filename="storage/FreeBuffer.h" />
		<Unit filename="storage/PageUtil.cpp" />
		<Unit filename="storage/PageUtil.h" />
		<Unit filename="storage/main1.cpp" />
		<Unit filename="storage/main2.cpp" />
		<Unit filename="table/MemoryTable.cpp" />
		<Unit filename="table/MemoryTalbe.h" />
		<Unit filename="table/Table.cpp" />
		<Unit filename="table/Table.h" />
		<Unit filename="table/TableUtil.cpp" />
		<Unit filename="table/TableUtil.h" />
		<Unit filename="table/meta.h" />
		<Unit filename="test/dataLoad.cpp" />
		<Unit filename="test/test.h" />
		<Unit filename="util/DataUtil.cpp" />
		<Unit filename="util/DataUtil.h" />
		<Unit filename="util/Thread.cpp" />
		<Unit filename="util/Thread.h" />
		<Extensions>
			<envvars />
			<code_completion />
			<debugger />
			<lib_finder disable_auto="1" />
		</Extensions>
	</Project>
</CodeBlocks_project_file>
